# @generated - this file is auto-generated by `mise lock` https://mise.jdx.dev/dev-tools/mise-lock.html

lockfile_version = 2

[[tools."cargo:cargo-hex-to-uf2"]]
version = "0.1.2"
backend = "cargo:cargo-hex-to-uf2"
specifiers = ["0.1.2"]

[[tools.ghalint]]
version = "1.5.6"
backend = "aqua:suzuki-shunsuke/ghalint"
specifiers = ["1.5.6"]

[tools.ghalint."platforms.linux-arm64"]
checksum = "sha256:203a22c70b40bb161626973ad2a8dd06aeb736699fc8e03dd425dee8ff3406e6"
url = "https://github.com/suzuki-shunsuke/ghalint/releases/download/v1.5.6/ghalint_1.5.6_linux_arm64.tar.gz"
url_api = "https://api.github.com/repos/suzuki-shunsuke/ghalint/releases/assets/409631231"

[tools.ghalint."platforms.linux-arm64".provenance.slsa]
url = "https://github.com/suzuki-shunsuke/ghalint/releases/download/v1.5.6/multiple.intoto.jsonl"

[tools.ghalint."platforms.linux-arm64-musl"]
checksum = "sha256:203a22c70b40bb161626973ad2a8dd06aeb736699fc8e03dd425dee8ff3406e6"
url = "https://github.com/suzuki-shunsuke/ghalint/releases/download/v1.5.6/ghalint_1.5.6_linux_arm64.tar.gz"
url_api = "https://api.github.com/repos/suzuki-shunsuke/ghalint/releases/assets/409631231"

[tools.ghalint."platforms.linux-arm64-musl".provenance.slsa]
url = "https://github.com/suzuki-shunsuke/ghalint/releases/download/v1.5.6/multiple.intoto.jsonl"

[tools.ghalint."platforms.linux-x64"]
checksum = "sha256:98ee0e3330de7286f470d1e89c03ff7ce70d7a5998ba0f15969c400447be579c"
url = "https://github.com/suzuki-shunsuke/ghalint/releases/download/v1.5.6/ghalint_1.5.6_linux_amd64.tar.gz"
url_api = "https://api.github.com/repos/suzuki-shunsuke/ghalint/releases/assets/409631220"

[tools.ghalint."platforms.linux-x64".provenance.slsa]
url = "https://github.com/suzuki-shunsuke/ghalint/releases/download/v1.5.6/multiple.intoto.jsonl"

[tools.ghalint."platforms.linux-x64-baseline"]
checksum = "sha256:98ee0e3330de7286f470d1e89c03ff7ce70d7a5998ba0f15969c400447be579c"
url = "https://github.com/suzuki-shunsuke/ghalint/releases/download/v1.5.6/ghalint_1.5.6_linux_amd64.tar.gz"
url_api = "https://api.github.com/repos/suzuki-shunsuke/ghalint/releases/assets/409631220"

[tools.ghalint."platforms.linux-x64-baseline".provenance.slsa]
url = "https://github.com/suzuki-shunsuke/ghalint/releases/download/v1.5.6/multiple.intoto.jsonl"

[tools.ghalint."platforms.linux-x64-musl"]
checksum = "sha256:98ee0e3330de7286f470d1e89c03ff7ce70d7a5998ba0f15969c400447be579c"
url = "https://github.com/suzuki-shunsuke/ghalint/releases/download/v1.5.6/ghalint_1.5.6_linux_amd64.tar.gz"
url_api = "https://api.github.com/repos/suzuki-shunsuke/ghalint/releases/assets/409631220"

[tools.ghalint."platforms.linux-x64-musl".provenance.slsa]
url = "https://github.com/suzuki-shunsuke/ghalint/releases/download/v1.5.6/multiple.intoto.jsonl"

[tools.ghalint."platforms.linux-x64-musl-baseline"]
checksum = "sha256:98ee0e3330de7286f470d1e89c03ff7ce70d7a5998ba0f15969c400447be579c"
url = "https://github.com/suzuki-shunsuke/ghalint/releases/download/v1.5.6/ghalint_1.5.6_linux_amd64.tar.gz"
url_api = "https://api.github.com/repos/suzuki-shunsuke/ghalint/releases/assets/409631220"

[tools.ghalint."platforms.linux-x64-musl-baseline".provenance.slsa]
url = "https://github.com/suzuki-shunsuke/ghalint/releases/download/v1.5.6/multiple.intoto.jsonl"

[tools.ghalint."platforms.macos-arm64"]
checksum = "sha256:1262cac411e27b4653e6b66b7b06580ebcc2026fdd903e12e6cb0e4591639de6"
url = "https://github.com/suzuki-shunsuke/ghalint/releases/download/v1.5.6/ghalint_1.5.6_darwin_arm64.tar.gz"
url_api = "https://api.github.com/repos/suzuki-shunsuke/ghalint/releases/assets/409631219"

[tools.ghalint."platforms.macos-arm64".provenance.slsa]
url = "https://github.com/suzuki-shunsuke/ghalint/releases/download/v1.5.6/multiple.intoto.jsonl"

[tools.ghalint."platforms.macos-x64"]
checksum = "sha256:d2a0e8605333068065dcf4c9b7b7a24891eda1750ac01fb755dfba426a390883"
url = "https://github.com/suzuki-shunsuke/ghalint/releases/download/v1.5.6/ghalint_1.5.6_darwin_amd64.tar.gz"
url_api = "https://api.github.com/repos/suzuki-shunsuke/ghalint/releases/assets/409631204"

[tools.ghalint."platforms.macos-x64".provenance.slsa]
url = "https://github.com/suzuki-shunsuke/ghalint/releases/download/v1.5.6/multiple.intoto.jsonl"

[tools.ghalint."platforms.macos-x64-baseline"]
checksum = "sha256:d2a0e8605333068065dcf4c9b7b7a24891eda1750ac01fb755dfba426a390883"
url = "https://github.com/suzuki-shunsuke/ghalint/releases/download/v1.5.6/ghalint_1.5.6_darwin_amd64.tar.gz"
url_api = "https://api.github.com/repos/suzuki-shunsuke/ghalint/releases/assets/409631204"

[tools.ghalint."platforms.macos-x64-baseline".provenance.slsa]
url = "https://github.com/suzuki-shunsuke/ghalint/releases/download/v1.5.6/multiple.intoto.jsonl"

[tools.ghalint."platforms.windows-x64"]
checksum = "sha256:109ea9b39c8e263cef924bd3b4fe5505964204f934ca60d986f4090d01a99ba5"
url = "https://github.com/suzuki-shunsuke/ghalint/releases/download/v1.5.6/ghalint_1.5.6_windows_amd64.zip"
url_api = "https://api.github.com/repos/suzuki-shunsuke/ghalint/releases/assets/409631234"

[tools.ghalint."platforms.windows-x64".provenance.slsa]
url = "https://github.com/suzuki-shunsuke/ghalint/releases/download/v1.5.6/multiple.intoto.jsonl"

[tools.ghalint."platforms.windows-x64-baseline"]
checksum = "sha256:109ea9b39c8e263cef924bd3b4fe5505964204f934ca60d986f4090d01a99ba5"
url = "https://github.com/suzuki-shunsuke/ghalint/releases/download/v1.5.6/ghalint_1.5.6_windows_amd64.zip"
url_api = "https://api.github.com/repos/suzuki-shunsuke/ghalint/releases/assets/409631234"

[tools.ghalint."platforms.windows-x64-baseline".provenance.slsa]
url = "https://github.com/suzuki-shunsuke/ghalint/releases/download/v1.5.6/multiple.intoto.jsonl"

[[tools."github:knurling-rs/flip-link"]]
version = "0.1.12"
backend = "github:knurling-rs/flip-link"
specifiers = ["0.1.12"]

[tools."github:knurling-rs/flip-link"."platforms.linux-arm64"]
checksum = "sha256:1f075a833d0c23ac2b36ba24f2b777c07034ede5c73e3f05b2735f31bfd59471"
url = "https://github.com/knurling-rs/flip-link/releases/download/v0.1.12/flip-link-aarch64-unknown-linux-gnu.tar.xz"
url_api = "https://api.github.com/repos/knurling-rs/flip-link/releases/assets/314763938"

[tools."github:knurling-rs/flip-link"."platforms.linux-arm64-musl"]
checksum = "sha256:1f075a833d0c23ac2b36ba24f2b777c07034ede5c73e3f05b2735f31bfd59471"
url = "https://github.com/knurling-rs/flip-link/releases/download/v0.1.12/flip-link-aarch64-unknown-linux-gnu.tar.xz"
url_api = "https://api.github.com/repos/knurling-rs/flip-link/releases/assets/314763938"

[tools."github:knurling-rs/flip-link"."platforms.linux-x64"]
checksum = "sha256:cc734ee2a84a2711c3f1ae8b660b1bb3bf65b306479b8d443ed28fd8bb706171"
url = "https://github.com/knurling-rs/flip-link/releases/download/v0.1.12/flip-link-x86_64-unknown-linux-gnu.tar.xz"
url_api = "https://api.github.com/repos/knurling-rs/flip-link/releases/assets/314763948"

[tools."github:knurling-rs/flip-link"."platforms.linux-x64-musl"]
checksum = "sha256:2cb7be7e25982e087dbe70c113dbdf8c0a489714f192b3b712c71258d8b26b5b"
url = "https://github.com/knurling-rs/flip-link/releases/download/v0.1.12/flip-link-x86_64-unknown-linux-musl.tar.xz"
url_api = "https://api.github.com/repos/knurling-rs/flip-link/releases/assets/314763951"

[tools."github:knurling-rs/flip-link"."platforms.macos-arm64"]
checksum = "sha256:9e513da55497f0b5450fceec7bc5ca76e5d96916e77533b7c703404c0b080533"
url = "https://github.com/knurling-rs/flip-link/releases/download/v0.1.12/flip-link-aarch64-apple-darwin.tar.xz"
url_api = "https://api.github.com/repos/knurling-rs/flip-link/releases/assets/314763931"

[tools."github:knurling-rs/flip-link"."platforms.macos-x64"]
checksum = "sha256:73abfccdc73b6a7911dfe08a2efc40355f6096a9fc8fbd4d0eb9d5a2c6c3141a"
url = "https://github.com/knurling-rs/flip-link/releases/download/v0.1.12/flip-link-x86_64-apple-darwin.tar.xz"
url_api = "https://api.github.com/repos/knurling-rs/flip-link/releases/assets/314763941"

[tools."github:knurling-rs/flip-link"."platforms.windows-x64"]
checksum = "sha256:b64d6bed1872d5cd1057b1e1e44ebb1e18d18bf043a7e3479adad7962c5ba1bd"
url = "https://github.com/knurling-rs/flip-link/releases/download/v0.1.12/flip-link-x86_64-pc-windows-msvc.zip"
url_api = "https://api.github.com/repos/knurling-rs/flip-link/releases/assets/314763943"

[[tools."github:rust-embedded/cargo-binutils"]]
version = "0.4.0"
backend = "github:rust-embedded/cargo-binutils"
specifiers = ["0.4.0"]

[tools."github:rust-embedded/cargo-binutils"."platforms.linux-x64"]
checksum = "sha256:a97c307ce3f9ca35ff3f8ea6eff3726a0ebb4db87ee651538ee12554509620f7"
url = "https://github.com/rust-embedded/cargo-binutils/releases/download/v0.4.0/x86_64-unknown-linux-gnu.tar.gz"
url_api = "https://api.github.com/repos/rust-embedded/cargo-binutils/releases/assets/293415299"

[tools."github:rust-embedded/cargo-binutils"."platforms.linux-x64-musl"]
checksum = "sha256:a97c307ce3f9ca35ff3f8ea6eff3726a0ebb4db87ee651538ee12554509620f7"
url = "https://github.com/rust-embedded/cargo-binutils/releases/download/v0.4.0/x86_64-unknown-linux-gnu.tar.gz"
url_api = "https://api.github.com/repos/rust-embedded/cargo-binutils/releases/assets/293415299"

[tools."github:rust-embedded/cargo-binutils"."platforms.macos-arm64"]
checksum = "sha256:1d14379aff1b3f7b4080ec1988df15b71a184dcab53deab97faaff94f24a6eae"
url = "https://github.com/rust-embedded/cargo-binutils/releases/download/v0.4.0/aarch64-apple-darwin.tar.gz"
url_api = "https://api.github.com/repos/rust-embedded/cargo-binutils/releases/assets/293415297"

[tools."github:rust-embedded/cargo-binutils"."platforms.macos-x64"]
checksum = "sha256:f42eb6ab4cb3088efd86c6aa014ea916926fa82f4f6ea59e63783c895e094479"
url = "https://github.com/rust-embedded/cargo-binutils/releases/download/v0.4.0/x86_64-apple-darwin.tar.gz"
url_api = "https://api.github.com/repos/rust-embedded/cargo-binutils/releases/assets/293415298"

[tools."github:rust-embedded/cargo-binutils"."platforms.windows-x64"]
checksum = "sha256:7ac333a25ae6c656941130819ca0a5852983221952fb4104b65eeef816842569"
url = "https://github.com/rust-embedded/cargo-binutils/releases/download/v0.4.0/x86_64-pc-windows-msvc.zip"
url_api = "https://api.github.com/repos/rust-embedded/cargo-binutils/releases/assets/293415296"

[[tools."github:sagiegurari/cargo-make"]]
version = "0.37.24"
backend = "github:sagiegurari/cargo-make"
specifiers = ["0.37.24"]

[tools."github:sagiegurari/cargo-make"."platforms.linux-x64"]
url = "https://github.com/sagiegurari/cargo-make/releases/download/0.37.24/cargo-make-v0.37.24-x86_64-unknown-linux-gnu.zip"
url_api = "https://api.github.com/repos/sagiegurari/cargo-make/releases/assets/221410425"

[tools."github:sagiegurari/cargo-make"."platforms.linux-x64-musl"]
url = "https://github.com/sagiegurari/cargo-make/releases/download/0.37.24/cargo-make-v0.37.24-x86_64-unknown-linux-musl.zip"
url_api = "https://api.github.com/repos/sagiegurari/cargo-make/releases/assets/221410696"

[tools."github:sagiegurari/cargo-make"."platforms.macos-arm64"]
checksum = "blake3:a6cea800268988dedf75ebb3cc03539cd5736a0fa8147627d63786cbf362db45"
url = "https://github.com/sagiegurari/cargo-make/releases/download/0.37.24/cargo-make-v0.37.24-aarch64-apple-darwin.zip"
url_api = "https://api.github.com/repos/sagiegurari/cargo-make/releases/assets/221410210"

[tools."github:sagiegurari/cargo-make"."platforms.macos-x64"]
url = "https://github.com/sagiegurari/cargo-make/releases/download/0.37.24/cargo-make-v0.37.24-x86_64-apple-darwin.zip"
url_api = "https://api.github.com/repos/sagiegurari/cargo-make/releases/assets/221410218"

[tools."github:sagiegurari/cargo-make"."platforms.windows-x64"]
url = "https://github.com/sagiegurari/cargo-make/releases/download/0.37.24/cargo-make-v0.37.24-x86_64-pc-windows-msvc.zip"
url_api = "https://api.github.com/repos/sagiegurari/cargo-make/releases/assets/221410756"

[[tools."github:xpack-dev-tools/arm-none-eabi-gcc-xpack"]]
version = "14.2.1-1.1"
backend = "github:xpack-dev-tools/arm-none-eabi-gcc-xpack"
specifiers = ["14.2.1-1.1"]

[tools."github:xpack-dev-tools/arm-none-eabi-gcc-xpack"."platforms.linux-arm64"]
url = "https://github.com/xpack-dev-tools/arm-none-eabi-gcc-xpack/releases/download/v14.2.1-1.1/xpack-arm-none-eabi-gcc-14.2.1-1.1-linux-arm64.tar.gz"
url_api = "https://api.github.com/repos/xpack-dev-tools/arm-none-eabi-gcc-xpack/releases/assets/216974802"

[tools."github:xpack-dev-tools/arm-none-eabi-gcc-xpack"."platforms.linux-arm64-musl"]
url = "https://github.com/xpack-dev-tools/arm-none-eabi-gcc-xpack/releases/download/v14.2.1-1.1/xpack-arm-none-eabi-gcc-14.2.1-1.1-linux-arm64.tar.gz"
url_api = "https://api.github.com/repos/xpack-dev-tools/arm-none-eabi-gcc-xpack/releases/assets/216974802"

[tools."github:xpack-dev-tools/arm-none-eabi-gcc-xpack"."platforms.linux-x64"]
url = "https://github.com/xpack-dev-tools/arm-none-eabi-gcc-xpack/releases/download/v14.2.1-1.1/xpack-arm-none-eabi-gcc-14.2.1-1.1-linux-x64.tar.gz"
url_api = "https://api.github.com/repos/xpack-dev-tools/arm-none-eabi-gcc-xpack/releases/assets/216974786"

[tools."github:xpack-dev-tools/arm-none-eabi-gcc-xpack"."platforms.linux-x64-musl"]
url = "https://github.com/xpack-dev-tools/arm-none-eabi-gcc-xpack/releases/download/v14.2.1-1.1/xpack-arm-none-eabi-gcc-14.2.1-1.1-linux-x64.tar.gz"
url_api = "https://api.github.com/repos/xpack-dev-tools/arm-none-eabi-gcc-xpack/releases/assets/216974786"

[tools."github:xpack-dev-tools/arm-none-eabi-gcc-xpack"."platforms.macos-arm64"]
url = "https://github.com/xpack-dev-tools/arm-none-eabi-gcc-xpack/releases/download/v14.2.1-1.1/xpack-arm-none-eabi-gcc-14.2.1-1.1-darwin-arm64.tar.gz"
url_api = "https://api.github.com/repos/xpack-dev-tools/arm-none-eabi-gcc-xpack/releases/assets/216974860"

[tools."github:xpack-dev-tools/arm-none-eabi-gcc-xpack"."platforms.macos-x64"]
url = "https://github.com/xpack-dev-tools/arm-none-eabi-gcc-xpack/releases/download/v14.2.1-1.1/xpack-arm-none-eabi-gcc-14.2.1-1.1-darwin-x64.tar.gz"
url_api = "https://api.github.com/repos/xpack-dev-tools/arm-none-eabi-gcc-xpack/releases/assets/216974844"

[tools."github:xpack-dev-tools/arm-none-eabi-gcc-xpack"."platforms.windows-x64"]
url = "https://github.com/xpack-dev-tools/arm-none-eabi-gcc-xpack/releases/download/v14.2.1-1.1/xpack-arm-none-eabi-gcc-14.2.1-1.1-win32-x64.zip"
url_api = "https://api.github.com/repos/xpack-dev-tools/arm-none-eabi-gcc-xpack/releases/assets/216974776"

[[tools.pinact]]
version = "5.0.0"
backend = "aqua:suzuki-shunsuke/pinact"
specifiers = ["5.0.0"]

[tools.pinact."platforms.linux-arm64"]
checksum = "sha256:d28ca5e9ddd7950da4a808288f8a83f84fc3ca40e86bab970f3adeef33578c0b"
url = "https://github.com/suzuki-shunsuke/pinact/releases/download/v5.0.0/pinact_linux_arm64.tar.gz"
url_api = "https://api.github.com/repos/suzuki-shunsuke/pinact/releases/assets/558638070"
provenance = "github-attestations"

[tools.pinact."platforms.linux-arm64-musl"]
checksum = "sha256:d28ca5e9ddd7950da4a808288f8a83f84fc3ca40e86bab970f3adeef33578c0b"
url = "https://github.com/suzuki-shunsuke/pinact/releases/download/v5.0.0/pinact_linux_arm64.tar.gz"
url_api = "https://api.github.com/repos/suzuki-shunsuke/pinact/releases/assets/558638070"
provenance = "github-attestations"

[tools.pinact."platforms.linux-x64"]
checksum = "sha256:d005bbb85da80dacdc07816f24a5da723a9f6d1e9f3d3e7e73df33f9caa1358f"
url = "https://github.com/suzuki-shunsuke/pinact/releases/download/v5.0.0/pinact_linux_amd64.tar.gz"
url_api = "https://api.github.com/repos/suzuki-shunsuke/pinact/releases/assets/558638065"
provenance = "github-attestations"

[tools.pinact."platforms.linux-x64-baseline"]
checksum = "sha256:d005bbb85da80dacdc07816f24a5da723a9f6d1e9f3d3e7e73df33f9caa1358f"
url = "https://github.com/suzuki-shunsuke/pinact/releases/download/v5.0.0/pinact_linux_amd64.tar.gz"
url_api = "https://api.github.com/repos/suzuki-shunsuke/pinact/releases/assets/558638065"
provenance = "github-attestations"

[tools.pinact."platforms.linux-x64-musl"]
checksum = "sha256:d005bbb85da80dacdc07816f24a5da723a9f6d1e9f3d3e7e73df33f9caa1358f"
url = "https://github.com/suzuki-shunsuke/pinact/releases/download/v5.0.0/pinact_linux_amd64.tar.gz"
url_api = "https://api.github.com/repos/suzuki-shunsuke/pinact/releases/assets/558638065"
provenance = "github-attestations"

[tools.pinact."platforms.linux-x64-musl-baseline"]
checksum = "sha256:d005bbb85da80dacdc07816f24a5da723a9f6d1e9f3d3e7e73df33f9caa1358f"
url = "https://github.com/suzuki-shunsuke/pinact/releases/download/v5.0.0/pinact_linux_amd64.tar.gz"
url_api = "https://api.github.com/repos/suzuki-shunsuke/pinact/releases/assets/558638065"
provenance = "github-attestations"

[tools.pinact."platforms.macos-arm64"]
checksum = "sha256:3437ebfc9db720e431e86fd03ed19173b88dcb80b0f177d11a892126108661b5"
url = "https://github.com/suzuki-shunsuke/pinact/releases/download/v5.0.0/pinact_darwin_arm64.tar.gz"
url_api = "https://api.github.com/repos/suzuki-shunsuke/pinact/releases/assets/558638064"
provenance = "github-attestations"

[tools.pinact."platforms.macos-x64"]
checksum = "sha256:da5532bd185a9d3a16a1f93774f835574e0c50bc74c2085b9917b9df3e9fbbaa"
url = "https://github.com/suzuki-shunsuke/pinact/releases/download/v5.0.0/pinact_darwin_amd64.tar.gz"
url_api = "https://api.github.com/repos/suzuki-shunsuke/pinact/releases/assets/558638050"
provenance = "github-attestations"

[tools.pinact."platforms.macos-x64-baseline"]
checksum = "sha256:da5532bd185a9d3a16a1f93774f835574e0c50bc74c2085b9917b9df3e9fbbaa"
url = "https://github.com/suzuki-shunsuke/pinact/releases/download/v5.0.0/pinact_darwin_amd64.tar.gz"
url_api = "https://api.github.com/repos/suzuki-shunsuke/pinact/releases/assets/558638050"
provenance = "github-attestations"

[tools.pinact."platforms.windows-x64"]
checksum = "sha256:df2f590f24c2bfe65a35010bffb4369ba0792c9afaf7fb324b2330895a37d19f"
url = "https://github.com/suzuki-shunsuke/pinact/releases/download/v5.0.0/pinact_windows_amd64.zip"
url_api = "https://api.github.com/repos/suzuki-shunsuke/pinact/releases/assets/558638100"
provenance = "github-attestations"

[tools.pinact."platforms.windows-x64-baseline"]
checksum = "sha256:df2f590f24c2bfe65a35010bffb4369ba0792c9afaf7fb324b2330895a37d19f"
url = "https://github.com/suzuki-shunsuke/pinact/releases/download/v5.0.0/pinact_windows_amd64.zip"
url_api = "https://api.github.com/repos/suzuki-shunsuke/pinact/releases/assets/558638100"
provenance = "github-attestations"

[[tools.prek]]
version = "0.5.3"
backend = "aqua:j178/prek"
specifiers = ["0.5.3"]

[tools.prek."platforms.linux-arm64"]
checksum = "sha256:4cfc936895e8b4e1e2f92daca61bb7c8eb123bac14585ba9f706b599776cdcc8"
url = "https://github.com/j178/prek/releases/download/v0.5.3/prek-aarch64-unknown-linux-gnu.tar.gz"
url_api = "https://api.github.com/repos/j178/prek/releases/assets/560889195"
provenance = "github-attestations"

[tools.prek."platforms.linux-arm64-musl"]
checksum = "sha256:ad3fe48802a02ec82286ab842c4a09a4e1db765e402f1fcc016f75b6929ec480"
url = "https://github.com/j178/prek/releases/download/v0.5.3/prek-aarch64-unknown-linux-musl.tar.gz"
url_api = "https://api.github.com/repos/j178/prek/releases/assets/560889200"
provenance = "github-attestations"

[tools.prek."platforms.linux-x64"]
checksum = "sha256:c1475ddc56df0003c780557d9b52273d9eb19c9ef8d91143f3ce03511182a36e"
url = "https://github.com/j178/prek/releases/download/v0.5.3/prek-x86_64-unknown-linux-gnu.tar.gz"
url_api = "https://api.github.com/repos/j178/prek/releases/assets/560889224"
provenance = "github-attestations"

[tools.prek."platforms.linux-x64-baseline"]
checksum = "sha256:c1475ddc56df0003c780557d9b52273d9eb19c9ef8d91143f3ce03511182a36e"
url = "https://github.com/j178/prek/releases/download/v0.5.3/prek-x86_64-unknown-linux-gnu.tar.gz"
url_api = "https://api.github.com/repos/j178/prek/releases/assets/560889224"
provenance = "github-attestations"

[tools.prek."platforms.linux-x64-musl"]
checksum = "sha256:d4eae1f31c0817d0a9bfa532d4bb66df60a8b01f121def002021915e826c3d1f"
url = "https://github.com/j178/prek/releases/download/v0.5.3/prek-x86_64-unknown-linux-musl.tar.gz"
url_api = "https://api.github.com/repos/j178/prek/releases/assets/560889232"
provenance = "github-attestations"

[tools.prek."platforms.linux-x64-musl-baseline"]
checksum = "sha256:d4eae1f31c0817d0a9bfa532d4bb66df60a8b01f121def002021915e826c3d1f"
url = "https://github.com/j178/prek/releases/download/v0.5.3/prek-x86_64-unknown-linux-musl.tar.gz"
url_api = "https://api.github.com/repos/j178/prek/releases/assets/560889232"
provenance = "github-attestations"

[tools.prek."platforms.macos-arm64"]
checksum = "sha256:6006cc4e69cfc86d55f4e407ca60ba960a521befa54fece94038639b1f4de381"
url = "https://github.com/j178/prek/releases/download/v0.5.3/prek-aarch64-apple-darwin.tar.gz"
url_api = "https://api.github.com/repos/j178/prek/releases/assets/560889174"
provenance = "github-attestations"

[tools.prek."platforms.macos-x64"]
checksum = "sha256:874f05d12e7cb672758295b5253dfd05aadad3c2bcaa42ae712b917294629b07"
url = "https://github.com/j178/prek/releases/download/v0.5.3/prek-x86_64-apple-darwin.tar.gz"
url_api = "https://api.github.com/repos/j178/prek/releases/assets/560889217"
provenance = "github-attestations"

[tools.prek."platforms.macos-x64-baseline"]
checksum = "sha256:874f05d12e7cb672758295b5253dfd05aadad3c2bcaa42ae712b917294629b07"
url = "https://github.com/j178/prek/releases/download/v0.5.3/prek-x86_64-apple-darwin.tar.gz"
url_api = "https://api.github.com/repos/j178/prek/releases/assets/560889217"
provenance = "github-attestations"

[tools.prek."platforms.windows-x64"]
checksum = "sha256:c15a5636bf93a3937507d8da2302b074b0946b3d35882471b002ea93586728d8"
url = "https://github.com/j178/prek/releases/download/v0.5.3/prek-x86_64-pc-windows-msvc.zip"
url_api = "https://api.github.com/repos/j178/prek/releases/assets/560889220"
provenance = "github-attestations"

[tools.prek."platforms.windows-x64-baseline"]
checksum = "sha256:c15a5636bf93a3937507d8da2302b074b0946b3d35882471b002ea93586728d8"
url = "https://github.com/j178/prek/releases/download/v0.5.3/prek-x86_64-pc-windows-msvc.zip"
url_api = "https://api.github.com/repos/j178/prek/releases/assets/560889220"
provenance = "github-attestations"

[[tools.zizmor]]
version = "1.30.1"
backend = "aqua:zizmorcore/zizmor"
specifiers = ["1.30.1"]

[tools.zizmor."platforms.linux-arm64"]
checksum = "sha256:7ff1dce33bdd18fd2a4affe63bdd47efcccca97b2cec1c1863ec26e9e2647540"
url = "https://github.com/zizmorcore/zizmor/releases/download/v1.30.1/zizmor-aarch64-unknown-linux-gnu.tar.gz"
url_api = "https://api.github.com/repos/zizmorcore/zizmor/releases/assets/552067643"
provenance = "github-attestations"

[tools.zizmor."platforms.linux-arm64-musl"]
provenance = "github-attestations"

[tools.zizmor."platforms.linux-x64"]
checksum = "sha256:e65324f4430c2717591937edcec90ccbefaf14c174f8ec9415e03ca875b46e1a"
url = "https://github.com/zizmorcore/zizmor/releases/download/v1.30.1/zizmor-x86_64-unknown-linux-gnu.tar.gz"
url_api = "https://api.github.com/repos/zizmorcore/zizmor/releases/assets/552067642"
provenance = "github-attestations"

[tools.zizmor."platforms.linux-x64-baseline"]
checksum = "sha256:e65324f4430c2717591937edcec90ccbefaf14c174f8ec9415e03ca875b46e1a"
url = "https://github.com/zizmorcore/zizmor/releases/download/v1.30.1/zizmor-x86_64-unknown-linux-gnu.tar.gz"
url_api = "https://api.github.com/repos/zizmorcore/zizmor/releases/assets/552067642"
provenance = "github-attestations"

[tools.zizmor."platforms.linux-x64-musl"]
provenance = "github-attestations"

[tools.zizmor."platforms.linux-x64-musl-baseline"]
provenance = "github-attestations"

[tools.zizmor."platforms.macos-arm64"]
checksum = "sha256:e28d22b087f9ebb8d99da6e740d348c930f559961c7c3f12badda54f882195a2"
url = "https://github.com/zizmorcore/zizmor/releases/download/v1.30.1/zizmor-aarch64-apple-darwin.tar.gz"
url_api = "https://api.github.com/repos/zizmorcore/zizmor/releases/assets/552067640"
provenance = "github-attestations"

[tools.zizmor."platforms.macos-x64"]
checksum = "sha256:10e6b18b11ea07e515a16f0f0518c7b07527bc9977c1fd5698181ce7f3554202"
url = "https://github.com/zizmorcore/zizmor/releases/download/v1.30.1/zizmor-x86_64-apple-darwin.tar.gz"
url_api = "https://api.github.com/repos/zizmorcore/zizmor/releases/assets/552067641"
provenance = "github-attestations"

[tools.zizmor."platforms.macos-x64-baseline"]
checksum = "sha256:10e6b18b11ea07e515a16f0f0518c7b07527bc9977c1fd5698181ce7f3554202"
url = "https://github.com/zizmorcore/zizmor/releases/download/v1.30.1/zizmor-x86_64-apple-darwin.tar.gz"
url_api = "https://api.github.com/repos/zizmorcore/zizmor/releases/assets/552067641"
provenance = "github-attestations"

[tools.zizmor."platforms.windows-x64"]
checksum = "sha256:b183b1e996eddfab9659f1e9b46e059f1ef1cf984a1f14e5da09f7876a4b3a1c"
url = "https://github.com/zizmorcore/zizmor/releases/download/v1.30.1/zizmor-x86_64-pc-windows-msvc.zip"
url_api = "https://api.github.com/repos/zizmorcore/zizmor/releases/assets/552067645"
provenance = "github-attestations"

[tools.zizmor."platforms.windows-x64-baseline"]
checksum = "sha256:b183b1e996eddfab9659f1e9b46e059f1ef1cf984a1f14e5da09f7876a4b3a1c"
url = "https://github.com/zizmorcore/zizmor/releases/download/v1.30.1/zizmor-x86_64-pc-windows-msvc.zip"
url_api = "https://api.github.com/repos/zizmorcore/zizmor/releases/assets/552067645"
provenance = "github-attestations"
